
Microsoft Visual Studio Solution File, Format Version 12.00
# Visual Studio Version 17
VisualStudioVersion = 17.5.002.0
MinimumVisualStudioVersion = 10.0.40219.1
Project("{9A19103F-16F7-4668-BE54-9A1E7A4F7556}") = "clientScript", "clientScript.csproj", "{817B0707-0981-4201-95FE-AD7F91D63513}"
EndProject
Global
	GlobalSection(SolutionConfigurationPlatforms) = preSolution
		Debug|Any CPU = Debug|Any CPU
		Release|Any CPU = Release|Any CPU
	EndGlobalSection
	GlobalSection(ProjectConfigurationPlatforms) = postSolution
		{817B0707-0981-4201-95FE-AD7F91D63513}.Debug|Any CPU.ActiveCfg = Debug|Any CPU
		{817B0707-0981-4201-95FE-AD7F91D63513}.Debug|Any CPU.Build.0 = Debug|Any CPU
		{817B0707-0981-4201-95FE-AD7F91D63513}.Release|Any CPU.ActiveCfg = Release|Any CPU
		{817B0707-0981-4201-95FE-AD7F91D63513}.Release|Any CPU.Build.0 = Release|Any CPU
	EndGlobalSection
	GlobalSection(SolutionProperties) = preSolution
		HideSolutionNode = FALSE
	EndGlobalSection
	GlobalSection(ExtensibilityGlobals) = postSolution
		SolutionGuid = {A2391B0B-0A16-4271-877A-652711E6B7E9}
	EndGlobalSection
EndGlobal
